
Microsoft Visual Studio Solution File, Format Version 12.00
# Visual Studio Version 16
VisualStudioVersion = 16.0.31624.102
MinimumVisualStudioVersion = 10.0.40219.1
Project("{FAE04EC0-301F-11D3-BF4B-00C04F79EFBC}") = "kintamieji ir ju reiksmes", "kintamieji ir ju reiksmes\kintamieji ir ju reiksmes.csproj", "{1EA8FF2B-5818-4391-AD39-C49C26E624D8}"
EndProject
Global
	GlobalSection(SolutionConfigurationPlatforms) = preSolution
		Debug|Any CPU = Debug|Any CPU
		Release|Any CPU = Release|Any CPU
	EndGlobalSection
	GlobalSection(ProjectConfigurationPlatforms) = postSolution
		{1EA8FF2B-5818-4391-AD39-C49C26E624D8}.Debug|Any CPU.ActiveCfg = Debug|Any CPU
		{1EA8FF2B-5818-4391-AD39-C49C26E624D8}.Debug|Any CPU.Build.0 = Debug|Any CPU
		{1EA8FF2B-5818-4391-AD39-C49C26E624D8}.Release|Any CPU.ActiveCfg = Release|Any CPU
		{1EA8FF2B-5818-4391-AD39-C49C26E624D8}.Release|Any CPU.Build.0 = Release|Any CPU
	EndGlobalSection
	GlobalSection(SolutionProperties) = preSolution
		HideSolutionNode = FALSE
	EndGlobalSection
	GlobalSection(ExtensibilityGlobals) = postSolution
		SolutionGuid = {64944D8B-89EF-4C1D-A683-9D569BA22836}
	EndGlobalSection
EndGlobal
