
Microsoft Visual Studio Solution File, Format Version 12.00
# Visual Studio Version 16
VisualStudioVersion = 16.0.31624.102
MinimumVisualStudioVersion = 10.0.40219.1
Project("{FAE04EC0-301F-11D3-BF4B-00C04F79EFBC}") = "ifai", "ifai\ifai.csproj", "{907AD5C5-8A6F-4E6E-8681-9B5D6E13D4D5}"
EndProject
Global
	GlobalSection(SolutionConfigurationPlatforms) = preSolution
		Debug|Any CPU = Debug|Any CPU
		Release|Any CPU = Release|Any CPU
	EndGlobalSection
	GlobalSection(ProjectConfigurationPlatforms) = postSolution
		{907AD5C5-8A6F-4E6E-8681-9B5D6E13D4D5}.Debug|Any CPU.ActiveCfg = Debug|Any CPU
		{907AD5C5-8A6F-4E6E-8681-9B5D6E13D4D5}.Debug|Any CPU.Build.0 = Debug|Any CPU
		{907AD5C5-8A6F-4E6E-8681-9B5D6E13D4D5}.Release|Any CPU.ActiveCfg = Release|Any CPU
		{907AD5C5-8A6F-4E6E-8681-9B5D6E13D4D5}.Release|Any CPU.Build.0 = Release|Any CPU
	EndGlobalSection
	GlobalSection(SolutionProperties) = preSolution
		HideSolutionNode = FALSE
	EndGlobalSection
	GlobalSection(ExtensibilityGlobals) = postSolution
		SolutionGuid = {8F0F9DD0-0C1F-433A-8953-A2840E0562CD}
	EndGlobalSection
EndGlobal
