
Microsoft Visual Studio Solution File, Format Version 12.00
# Visual Studio Version 16
VisualStudioVersion = 16.0.31624.102
MinimumVisualStudioVersion = 10.0.40219.1
Project("{FAE04EC0-301F-11D3-BF4B-00C04F79EFBC}") = "2.1pamokaSwitch", "2.1pamokaSwitch\2.1pamokaSwitch.csproj", "{3BC5B8F0-5E1E-4ED6-AE8E-D0D29DFCEF2F}"
EndProject
Global
	GlobalSection(SolutionConfigurationPlatforms) = preSolution
		Debug|Any CPU = Debug|Any CPU
		Release|Any CPU = Release|Any CPU
	EndGlobalSection
	GlobalSection(ProjectConfigurationPlatforms) = postSolution
		{3BC5B8F0-5E1E-4ED6-AE8E-D0D29DFCEF2F}.Debug|Any CPU.ActiveCfg = Debug|Any CPU
		{3BC5B8F0-5E1E-4ED6-AE8E-D0D29DFCEF2F}.Debug|Any CPU.Build.0 = Debug|Any CPU
		{3BC5B8F0-5E1E-4ED6-AE8E-D0D29DFCEF2F}.Release|Any CPU.ActiveCfg = Release|Any CPU
		{3BC5B8F0-5E1E-4ED6-AE8E-D0D29DFCEF2F}.Release|Any CPU.Build.0 = Release|Any CPU
	EndGlobalSection
	GlobalSection(SolutionProperties) = preSolution
		HideSolutionNode = FALSE
	EndGlobalSection
	GlobalSection(ExtensibilityGlobals) = postSolution
		SolutionGuid = {DC0CA36C-925C-4387-A7D7-4F37A82063C8}
	EndGlobalSection
EndGlobal
