
Microsoft Visual Studio Solution File, Format Version 12.00
# Visual Studio Version 16
VisualStudioVersion = 16.0.31624.102
MinimumVisualStudioVersion = 10.0.40219.1
Project("{FAE04EC0-301F-11D3-BF4B-00C04F79EFBC}") = "kuris skaicius didesnis", "kuris skaicius didesnis\kuris skaicius didesnis.csproj", "{510FD1C4-C93D-4CAF-A023-04EE2C759C30}"
EndProject
Global
	GlobalSection(SolutionConfigurationPlatforms) = preSolution
		Debug|Any CPU = Debug|Any CPU
		Release|Any CPU = Release|Any CPU
	EndGlobalSection
	GlobalSection(ProjectConfigurationPlatforms) = postSolution
		{510FD1C4-C93D-4CAF-A023-04EE2C759C30}.Debug|Any CPU.ActiveCfg = Debug|Any CPU
		{510FD1C4-C93D-4CAF-A023-04EE2C759C30}.Debug|Any CPU.Build.0 = Debug|Any CPU
		{510FD1C4-C93D-4CAF-A023-04EE2C759C30}.Release|Any CPU.ActiveCfg = Release|Any CPU
		{510FD1C4-C93D-4CAF-A023-04EE2C759C30}.Release|Any CPU.Build.0 = Release|Any CPU
	EndGlobalSection
	GlobalSection(SolutionProperties) = preSolution
		HideSolutionNode = FALSE
	EndGlobalSection
	GlobalSection(ExtensibilityGlobals) = postSolution
		SolutionGuid = {858E1927-12CA-403A-A4D6-8E44F8B20CF3}
	EndGlobalSection
EndGlobal
